// !$*UTF8*$!
{
	archiveVersion = 1;
	classes = {
	};
	objectVersion = 46;
	objects = {

/* Begin PBXBuildFile section */
		F2082F491E7823E600F7AA3F /* Alamofire.framework in CopyFiles */ = {isa = PBXBuildFile; fileRef = F22F13B21E77AFBD005F0F78 /* Alamofire.framework */; settings = {ATTRIBUTES = (CodeSignOnCopy, RemoveHeadersOnCopy, ); }; };
		F2082F4A1E7823E600F7AA3F /* AlamofireImage.framework in CopyFiles */ = {isa = PBXBuildFile; fileRef = F22F13B31E77AFBD005F0F78 /* AlamofireImage.framework */; settings = {ATTRIBUTES = (CodeSignOnCopy, RemoveHeadersOnCopy, ); }; };
		F2082F4B1E7823E600F7AA3F /* Freddy.framework in CopyFiles */ = {isa = PBXBuildFile; fileRef = F22F13B41E77AFBD005F0F78 /* Freddy.framework */; settings = {ATTRIBUTES = (CodeSignOnCopy, RemoveHeadersOnCopy, ); }; };
		F2082F4D1E78308000F7AA3F /* PokemonDetailsViewController.swift in Sources */ = {isa = PBXBuildFile; fileRef = F2082F4C1E78308000F7AA3F /* PokemonDetailsViewController.swift */; };
		F2082F4F1E784BEA00F7AA3F /* Pokemons.swift in Sources */ = {isa = PBXBuildFile; fileRef = F2082F4E1E784BE900F7AA3F /* Pokemons.swift */; };
		F2082F511E7859DA00F7AA3F /* PokemonDetailsPresenter.swift in Sources */ = {isa = PBXBuildFile; fileRef = F2082F501E7859DA00F7AA3F /* PokemonDetailsPresenter.swift */; };
		F2082F571E785BA100F7AA3F /* PokemonDetailsContract.swift in Sources */ = {isa = PBXBuildFile; fileRef = F2082F561E785BA100F7AA3F /* PokemonDetailsContract.swift */; };
		F2082F591E785BC100F7AA3F /* PokemonDetailRouter.swift in Sources */ = {isa = PBXBuildFile; fileRef = F2082F581E785BC100F7AA3F /* PokemonDetailRouter.swift */; };
		F22F13B51E77AFBD005F0F78 /* Alamofire.framework in Frameworks */ = {isa = PBXBuildFile; fileRef = F22F13B21E77AFBD005F0F78 /* Alamofire.framework */; };
		F22F13B61E77AFBD005F0F78 /* AlamofireImage.framework in Frameworks */ = {isa = PBXBuildFile; fileRef = F22F13B31E77AFBD005F0F78 /* AlamofireImage.framework */; };
		F22F13B71E77AFBD005F0F78 /* Freddy.framework in Frameworks */ = {isa = PBXBuildFile; fileRef = F22F13B41E77AFBD005F0F78 /* Freddy.framework */; };
		F27C11A31E76B93000045431 /* AppDelegate.swift in Sources */ = {isa = PBXBuildFile; fileRef = F27C11A21E76B93000045431 /* AppDelegate.swift */; };
		F27C11AA1E76B93000045431 /* Assets.xcassets in Resources */ = {isa = PBXBuildFile; fileRef = F27C11A91E76B93000045431 /* Assets.xcassets */; };
		F27C11AD1E76B93000045431 /* LaunchScreen.storyboard in Resources */ = {isa = PBXBuildFile; fileRef = F27C11AB1E76B93000045431 /* LaunchScreen.storyboard */; };
		F27C11C31E76BBDC00045431 /* ApplicationDependencies.swift in Sources */ = {isa = PBXBuildFile; fileRef = F27C11C21E76BBDC00045431 /* ApplicationDependencies.swift */; };
		F27C11CA1E76C17500045431 /* ListViewController.swift in Sources */ = {isa = PBXBuildFile; fileRef = F27C11C91E76C17500045431 /* ListViewController.swift */; };
		F27C11CC1E76C20E00045431 /* PokemonListRouter.swift in Sources */ = {isa = PBXBuildFile; fileRef = F27C11CB1E76C20E00045431 /* PokemonListRouter.swift */; };
		F27C11D41E76C9F000045431 /* API.swift in Sources */ = {isa = PBXBuildFile; fileRef = F27C11D31E76C9F000045431 /* API.swift */; };
		F27C11D71E76CA9D00045431 /* Endpoint.swift in Sources */ = {isa = PBXBuildFile; fileRef = F27C11D61E76CA9D00045431 /* Endpoint.swift */; };
		F27C11DA1E76D5F100045431 /* PokemonsContract.swift in Sources */ = {isa = PBXBuildFile; fileRef = F27C11D91E76D5F100045431 /* PokemonsContract.swift */; };
		F27C11DC1E76D64600045431 /* Pokemon.swift in Sources */ = {isa = PBXBuildFile; fileRef = F27C11DB1E76D64600045431 /* Pokemon.swift */; };
		F27C11DF1E76DC7800045431 /* PokemonCell.swift in Sources */ = {isa = PBXBuildFile; fileRef = F27C11DE1E76DC7800045431 /* PokemonCell.swift */; };
		F27C11E11E76E0BE00045431 /* UIImageView + Utils.swift in Sources */ = {isa = PBXBuildFile; fileRef = F27C11E01E76E0BE00045431 /* UIImageView + Utils.swift */; };
		F27C12061E771BC500045431 /* PokemonListPresenter.swift in Sources */ = {isa = PBXBuildFile; fileRef = F27C12051E771BC500045431 /* PokemonListPresenter.swift */; };
		F27C12081E771D4200045431 /* ViewProtocols.swift in Sources */ = {isa = PBXBuildFile; fileRef = F27C12071E771D4200045431 /* ViewProtocols.swift */; };
		F27C120B1E7720D200045431 /* SortType.swift in Sources */ = {isa = PBXBuildFile; fileRef = F27C120A1E7720D200045431 /* SortType.swift */; };
		F27C120D1E7723FF00045431 /* PokemonsInteractor.swift in Sources */ = {isa = PBXBuildFile; fileRef = F27C120C1E7723FF00045431 /* PokemonsInteractor.swift */; };
		F27C120F1E77255400045431 /* PokemonsAPIService.swift in Sources */ = {isa = PBXBuildFile; fileRef = F27C120E1E77255400045431 /* PokemonsAPIService.swift */; };
		FBAFB79B1E8C2AE000FCB0CA /* PokemonListRemoteDataManager.swift in Sources */ = {isa = PBXBuildFile; fileRef = FBAFB79A1E8C2AE000FCB0CA /* PokemonListRemoteDataManager.swift */; };
/* End PBXBuildFile section */

/* Begin PBXCopyFilesBuildPhase section */
		F2082F481E78239F00F7AA3F /* CopyFiles */ = {
			isa = PBXCopyFilesBuildPhase;
			buildActionMask = 2147483647;
			dstPath = "";
			dstSubfolderSpec = 10;
			files = (
				F2082F491E7823E600F7AA3F /* Alamofire.framework in CopyFiles */,
				F2082F4A1E7823E600F7AA3F /* AlamofireImage.framework in CopyFiles */,
				F2082F4B1E7823E600F7AA3F /* Freddy.framework in CopyFiles */,
			);
			runOnlyForDeploymentPostprocessing = 0;
		};
/* End PBXCopyFilesBuildPhase section */

/* Begin PBXFileReference section */
		F2082F4C1E78308000F7AA3F /* PokemonDetailsViewController.swift */ = {isa = PBXFileReference; fileEncoding = 4; lastKnownFileType = sourcecode.swift; path = PokemonDetailsViewController.swift; sourceTree = "<group>"; };
		F2082F4E1E784BE900F7AA3F /* Pokemons.swift */ = {isa = PBXFileReference; fileEncoding = 4; lastKnownFileType = sourcecode.swift; path = Pokemons.swift; sourceTree = "<group>"; };
		F2082F501E7859DA00F7AA3F /* PokemonDetailsPresenter.swift */ = {isa = PBXFileReference; fileEncoding = 4; lastKnownFileType = sourcecode.swift; path = PokemonDetailsPresenter.swift; sourceTree = "<group>"; };
		F2082F561E785BA100F7AA3F /* PokemonDetailsContract.swift */ = {isa = PBXFileReference; fileEncoding = 4; lastKnownFileType = sourcecode.swift; path = PokemonDetailsContract.swift; sourceTree = "<group>"; };
		F2082F581E785BC100F7AA3F /* PokemonDetailRouter.swift */ = {isa = PBXFileReference; fileEncoding = 4; lastKnownFileType = sourcecode.swift; path = PokemonDetailRouter.swift; sourceTree = "<group>"; };
		F22F13B21E77AFBD005F0F78 /* Alamofire.framework */ = {isa = PBXFileReference; lastKnownFileType = wrapper.framework; name = Alamofire.framework; path = Carthage/Build/iOS/Alamofire.framework; sourceTree = "<group>"; };
		F22F13B31E77AFBD005F0F78 /* AlamofireImage.framework */ = {isa = PBXFileReference; lastKnownFileType = wrapper.framework; name = AlamofireImage.framework; path = Carthage/Build/iOS/AlamofireImage.framework; sourceTree = "<group>"; };
		F22F13B41E77AFBD005F0F78 /* Freddy.framework */ = {isa = PBXFileReference; lastKnownFileType = wrapper.framework; name = Freddy.framework; path = Carthage/Build/iOS/Freddy.framework; sourceTree = "<group>"; };
		F27C119F1E76B93000045431 /* Pokemons.app */ = {isa = PBXFileReference; explicitFileType = wrapper.application; includeInIndex = 0; path = Pokemons.app; sourceTree = BUILT_PRODUCTS_DIR; };
		F27C11A21E76B93000045431 /* AppDelegate.swift */ = {isa = PBXFileReference; lastKnownFileType = sourcecode.swift; path = AppDelegate.swift; sourceTree = "<group>"; };
		F27C11A91E76B93000045431 /* Assets.xcassets */ = {isa = PBXFileReference; lastKnownFileType = folder.assetcatalog; path = Assets.xcassets; sourceTree = "<group>"; };
		F27C11AC1E76B93000045431 /* Base */ = {isa = PBXFileReference; lastKnownFileType = file.storyboard; name = Base; path = Base.lproj/LaunchScreen.storyboard; sourceTree = "<group>"; };
		F27C11AE1E76B93000045431 /* Info.plist */ = {isa = PBXFileReference; lastKnownFileType = text.plist.xml; path = Info.plist; sourceTree = "<group>"; };
		F27C11C21E76BBDC00045431 /* ApplicationDependencies.swift */ = {isa = PBXFileReference; fileEncoding = 4; lastKnownFileType = sourcecode.swift; path = ApplicationDependencies.swift; sourceTree = "<group>"; };
		F27C11C91E76C17500045431 /* ListViewController.swift */ = {isa = PBXFileReference; fileEncoding = 4; lastKnownFileType = sourcecode.swift; path = ListViewController.swift; sourceTree = "<group>"; };
		F27C11CB1E76C20E00045431 /* PokemonListRouter.swift */ = {isa = PBXFileReference; fileEncoding = 4; lastKnownFileType = sourcecode.swift; path = PokemonListRouter.swift; sourceTree = "<group>"; };
		F27C11D31E76C9F000045431 /* API.swift */ = {isa = PBXFileReference; fileEncoding = 4; lastKnownFileType = sourcecode.swift; path = API.swift; sourceTree = "<group>"; };
		F27C11D61E76CA9D00045431 /* Endpoint.swift */ = {isa = PBXFileReference; fileEncoding = 4; lastKnownFileType = sourcecode.swift; path = Endpoint.swift; sourceTree = "<group>"; };
		F27C11D91E76D5F100045431 /* PokemonsContract.swift */ = {isa = PBXFileReference; fileEncoding = 4; lastKnownFileType = sourcecode.swift; path = PokemonsContract.swift; sourceTree = "<group>"; };
		F27C11DB1E76D64600045431 /* Pokemon.swift */ = {isa = PBXFileReference; fileEncoding = 4; lastKnownFileType = sourcecode.swift; path = Pokemon.swift; sourceTree = "<group>"; };
		F27C11DE1E76DC7800045431 /* PokemonCell.swift */ = {isa = PBXFileReference; fileEncoding = 4; lastKnownFileType = sourcecode.swift; path = PokemonCell.swift; sourceTree = "<group>"; };
		F27C11E01E76E0BE00045431 /* UIImageView + Utils.swift */ = {isa = PBXFileReference; fileEncoding = 4; lastKnownFileType = sourcecode.swift; path = "UIImageView + Utils.swift"; sourceTree = "<group>"; };
		F27C12051E771BC500045431 /* PokemonListPresenter.swift */ = {isa = PBXFileReference; fileEncoding = 4; lastKnownFileType = sourcecode.swift; path = PokemonListPresenter.swift; sourceTree = "<group>"; };
		F27C12071E771D4200045431 /* ViewProtocols.swift */ = {isa = PBXFileReference; fileEncoding = 4; lastKnownFileType = sourcecode.swift; path = ViewProtocols.swift; sourceTree = "<group>"; };
		F27C120A1E7720D200045431 /* SortType.swift */ = {isa = PBXFileReference; fileEncoding = 4; lastKnownFileType = sourcecode.swift; path = SortType.swift; sourceTree = "<group>"; };
		F27C120C1E7723FF00045431 /* PokemonsInteractor.swift */ = {isa = PBXFileReference; fileEncoding = 4; lastKnownFileType = sourcecode.swift; path = PokemonsInteractor.swift; sourceTree = "<group>"; };
		F27C120E1E77255400045431 /* PokemonsAPIService.swift */ = {isa = PBXFileReference; fileEncoding = 4; lastKnownFileType = sourcecode.swift; path = PokemonsAPIService.swift; sourceTree = "<group>"; };
		FBAFB79A1E8C2AE000FCB0CA /* PokemonListRemoteDataManager.swift */ = {isa = PBXFileReference; fileEncoding = 4; lastKnownFileType = sourcecode.swift; path = PokemonListRemoteDataManager.swift; sourceTree = "<group>"; };
/* End PBXFileReference section */

/* Begin PBXFrameworksBuildPhase section */
		F27C119C1E76B93000045431 /* Frameworks */ = {
			isa = PBXFrameworksBuildPhase;
			buildActionMask = 2147483647;
			files = (
				F22F13B51E77AFBD005F0F78 /* Alamofire.framework in Frameworks */,
				F22F13B61E77AFBD005F0F78 /* AlamofireImage.framework in Frameworks */,
				F22F13B71E77AFBD005F0F78 /* Freddy.framework in Frameworks */,
			);
			runOnlyForDeploymentPostprocessing = 0;
		};
/* End PBXFrameworksBuildPhase section */

/* Begin PBXGroup section */
		F2082F521E785A3700F7AA3F /* Contract */ = {
			isa = PBXGroup;
			children = (
				F2082F561E785BA100F7AA3F /* PokemonDetailsContract.swift */,
			);
			name = Contract;
			sourceTree = "<group>";
		};
		F2082F531E785A4500F7AA3F /* Presenter */ = {
			isa = PBXGroup;
			children = (
				F2082F501E7859DA00F7AA3F /* PokemonDetailsPresenter.swift */,
			);
			name = Presenter;
			sourceTree = "<group>";
		};
		F2082F541E785A4C00F7AA3F /* Router */ = {
			isa = PBXGroup;
			children = (
				F2082F581E785BC100F7AA3F /* PokemonDetailRouter.swift */,
			);
			name = Router;
			sourceTree = "<group>";
		};
		F2082F551E785A5400F7AA3F /* View */ = {
			isa = PBXGroup;
			children = (
				F2082F4C1E78308000F7AA3F /* PokemonDetailsViewController.swift */,
			);
			name = View;
			sourceTree = "<group>";
		};
		F27C11961E76B93000045431 = {
			isa = PBXGroup;
			children = (
				F27C11A11E76B93000045431 /* Pokemons */,
				F27C11A01E76B93000045431 /* Products */,
				F27C11CD1E76C8CB00045431 /* Frameworks */,
			);
			sourceTree = "<group>";
		};
		F27C11A01E76B93000045431 /* Products */ = {
			isa = PBXGroup;
			children = (
				F27C119F1E76B93000045431 /* Pokemons.app */,
			);
			name = Products;
			sourceTree = "<group>";
		};
		F27C11A11E76B93000045431 /* Pokemons */ = {
			isa = PBXGroup;
			children = (
				F27C11C11E76BBBC00045431 /* Setup */,
				F27C11BC1E76BB3800045431 /* Modules */,
				F27C11B41E76BAE000045431 /* Common */,
				F27C11A91E76B93000045431 /* Assets.xcassets */,
				F27C11AB1E76B93000045431 /* LaunchScreen.storyboard */,
				F27C11AE1E76B93000045431 /* Info.plist */,
			);
			path = Pokemons;
			sourceTree = "<group>";
		};
		F27C11B41E76BAE000045431 /* Common */ = {
			isa = PBXGroup;
			children = (
				F27C12091E7720C500045431 /* Enums */,
				F27C11D21E76C96A00045431 /* Network */,
				F27C11B91E76BB0800045431 /* Views */,
				F27C11B81E76BB0200045431 /* Services */,
				F27C11B71E76BAFA00045431 /* Extensions */,
				F27C11B61E76BAF300045431 /* Protocols */,
				F27C11B51E76BAEA00045431 /* NavigationHandler */,
			);
			name = Common;
			sourceTree = "<group>";
		};
		F27C11B51E76BAEA00045431 /* NavigationHandler */ = {
			isa = PBXGroup;
			children = (
			);
			name = NavigationHandler;
			sourceTree = "<group>";
		};
		F27C11B61E76BAF300045431 /* Protocols */ = {
			isa = PBXGroup;
			children = (
				F27C12071E771D4200045431 /* ViewProtocols.swift */,
			);
			name = Protocols;
			sourceTree = "<group>";
		};
		F27C11B71E76BAFA00045431 /* Extensions */ = {
			isa = PBXGroup;
			children = (
				F27C11E01E76E0BE00045431 /* UIImageView + Utils.swift */,
			);
			name = Extensions;
			sourceTree = "<group>";
		};
		F27C11B81E76BB0200045431 /* Services */ = {
			isa = PBXGroup;
			children = (
				F27C11BB1E76BB2900045431 /* Camera */,
				F27C11BA1E76BB1F00045431 /* PhotoLibrary */,
			);
			name = Services;
			sourceTree = "<group>";
		};
		F27C11B91E76BB0800045431 /* Views */ = {
			isa = PBXGroup;
			children = (
			);
			name = Views;
			sourceTree = "<group>";
		};
		F27C11BA1E76BB1F00045431 /* PhotoLibrary */ = {
			isa = PBXGroup;
			children = (
			);
			name = PhotoLibrary;
			sourceTree = "<group>";
		};
		F27C11BB1E76BB2900045431 /* Camera */ = {
			isa = PBXGroup;
			children = (
			);
			name = Camera;
			sourceTree = "<group>";
		};
		F27C11BC1E76BB3800045431 /* Modules */ = {
			isa = PBXGroup;
			children = (
				F27C11C01E76BBAC00045431 /* Add */,
				F27C11BF1E76BBA200045431 /* Details */,
				F27C11BD1E76BB9200045431 /* List */,
			);
			name = Modules;
			sourceTree = "<group>";
		};
		F27C11BD1E76BB9200045431 /* List */ = {
			isa = PBXGroup;
			children = (
				FBAFB7971E8C2A9A00FCB0CA /* DataManager */,
				F27C11D81E76D59D00045431 /* Models */,
				F27C11D51E76CA6D00045431 /* Service */,
				F27C11C81E76BE3A00045431 /* Contract */,
				F27C11C71E76BE3000045431 /* Interactor */,
				F27C11C61E76BE2600045431 /* Presenter */,
				F27C11C51E76BE2000045431 /* Router */,
				F27C11C41E76BC8A00045431 /* View */,
			);
			name = List;
			sourceTree = "<group>";
		};
		F27C11BF1E76BBA200045431 /* Details */ = {
			isa = PBXGroup;
			children = (
				F2082F521E785A3700F7AA3F /* Contract */,
				F2082F541E785A4C00F7AA3F /* Router */,
				F2082F531E785A4500F7AA3F /* Presenter */,
				F2082F551E785A5400F7AA3F /* View */,
			);
			name = Details;
			sourceTree = "<group>";
		};
		F27C11C01E76BBAC00045431 /* Add */ = {
			isa = PBXGroup;
			children = (
			);
			name = Add;
			sourceTree = "<group>";
		};
		F27C11C11E76BBBC00045431 /* Setup */ = {
			isa = PBXGroup;
			children = (
				F27C11A21E76B93000045431 /* AppDelegate.swift */,
				F27C11C21E76BBDC00045431 /* ApplicationDependencies.swift */,
			);
			name = Setup;
			sourceTree = "<group>";
		};
		F27C11C41E76BC8A00045431 /* View */ = {
			isa = PBXGroup;
			children = (
				F27C11DD1E76DC6A00045431 /* Cells */,
				F27C11C91E76C17500045431 /* ListViewController.swift */,
			);
			name = View;
			sourceTree = "<group>";
		};
		F27C11C51E76BE2000045431 /* Router */ = {
			isa = PBXGroup;
			children = (
				F27C11CB1E76C20E00045431 /* PokemonListRouter.swift */,
			);
			name = Router;
			sourceTree = "<group>";
		};
		F27C11C61E76BE2600045431 /* Presenter */ = {
			isa = PBXGroup;
			children = (
				F27C12051E771BC500045431 /* PokemonListPresenter.swift */,
			);
			name = Presenter;
			sourceTree = "<group>";
		};
		F27C11C71E76BE3000045431 /* Interactor */ = {
			isa = PBXGroup;
			children = (
				F27C120C1E7723FF00045431 /* PokemonsInteractor.swift */,
			);
			name = Interactor;
			sourceTree = "<group>";
		};
		F27C11C81E76BE3A00045431 /* Contract */ = {
			isa = PBXGroup;
			children = (
				F27C11D91E76D5F100045431 /* PokemonsContract.swift */,
			);
			name = Contract;
			sourceTree = "<group>";
		};
		F27C11CD1E76C8CB00045431 /* Frameworks */ = {
			isa = PBXGroup;
			children = (
				F22F13B21E77AFBD005F0F78 /* Alamofire.framework */,
				F22F13B31E77AFBD005F0F78 /* AlamofireImage.framework */,
				F22F13B41E77AFBD005F0F78 /* Freddy.framework */,
			);
			name = Frameworks;
			sourceTree = "<group>";
		};
		F27C11D21E76C96A00045431 /* Network */ = {
			isa = PBXGroup;
			children = (
				F27C11D31E76C9F000045431 /* API.swift */,
				F27C120E1E77255400045431 /* PokemonsAPIService.swift */,
			);
			name = Network;
			sourceTree = "<group>";
		};
		F27C11D51E76CA6D00045431 /* Service */ = {
			isa = PBXGroup;
			children = (
				F27C11D61E76CA9D00045431 /* Endpoint.swift */,
			);
			name = Service;
			sourceTree = "<group>";
		};
		F27C11D81E76D59D00045431 /* Models */ = {
			isa = PBXGroup;
			children = (
				F27C11DB1E76D64600045431 /* Pokemon.swift */,
				F2082F4E1E784BE900F7AA3F /* Pokemons.swift */,
			);
			name = Models;
			sourceTree = "<group>";
		};
		F27C11DD1E76DC6A00045431 /* Cells */ = {
			isa = PBXGroup;
			children = (
				F27C11DE1E76DC7800045431 /* PokemonCell.swift */,
			);
			name = Cells;
			sourceTree = "<group>";
		};
		F27C12091E7720C500045431 /* Enums */ = {
			isa = PBXGroup;
			children = (
				F27C120A1E7720D200045431 /* SortType.swift */,
			);
			name = Enums;
			sourceTree = "<group>";
		};
		FBAFB7971E8C2A9A00FCB0CA /* DataManager */ = {
			isa = PBXGroup;
			children = (
				FBAFB7991E8C2ABC00FCB0CA /* Remote */,
				FBAFB7981E8C2AA900FCB0CA /* Local */,
			);
			name = DataManager;
			sourceTree = "<group>";
		};
		FBAFB7981E8C2AA900FCB0CA /* Local */ = {
			isa = PBXGroup;
			children = (
			);
			name = Local;
			sourceTree = "<group>";
		};
		FBAFB7991E8C2ABC00FCB0CA /* Remote */ = {
			isa = PBXGroup;
			children = (
				FBAFB79A1E8C2AE000FCB0CA /* PokemonListRemoteDataManager.swift */,
			);
			name = Remote;
			sourceTree = "<group>";
		};
/* End PBXGroup section */

/* Begin PBXNativeTarget section */
		F27C119E1E76B93000045431 /* Pokemons */ = {
			isa = PBXNativeTarget;
			buildConfigurationList = F27C11B11E76B93000045431 /* Build configuration list for PBXNativeTarget "Pokemons" */;
			buildPhases = (
				F27C119B1E76B93000045431 /* Sources */,
				F27C119C1E76B93000045431 /* Frameworks */,
				F27C119D1E76B93000045431 /* Resources */,
				F2082F481E78239F00F7AA3F /* CopyFiles */,
			);
			buildRules = (
			);
			dependencies = (
			);
			name = Pokemons;
			productName = Pokemons;
			productReference = F27C119F1E76B93000045431 /* Pokemons.app */;
			productType = "com.apple.product-type.application";
		};
/* End PBXNativeTarget section */

/* Begin PBXProject section */
		F27C11971E76B93000045431 /* Project object */ = {
			isa = PBXProject;
			attributes = {
				LastSwiftUpdateCheck = 0820;
				LastUpgradeCheck = 0820;
				ORGANIZATIONNAME = Ronaldoh1;
				TargetAttributes = {
					F27C119E1E76B93000045431 = {
						CreatedOnToolsVersion = 8.2.1;
						ProvisioningStyle = Automatic;
					};
				};
			};
			buildConfigurationList = F27C119A1E76B93000045431 /* Build configuration list for PBXProject "Pokemons" */;
			compatibilityVersion = "Xcode 3.2";
			developmentRegion = English;
			hasScannedForEncodings = 0;
			knownRegions = (
				en,
				Base,
			);
			mainGroup = F27C11961E76B93000045431;
			productRefGroup = F27C11A01E76B93000045431 /* Products */;
			projectDirPath = "";
			projectRoot = "";
			targets = (
				F27C119E1E76B93000045431 /* Pokemons */,
			);
		};
/* End PBXProject section */

/* Begin PBXResourcesBuildPhase section */
		F27C119D1E76B93000045431 /* Resources */ = {
			isa = PBXResourcesBuildPhase;
			buildActionMask = 2147483647;
			files = (
				F27C11AD1E76B93000045431 /* LaunchScreen.storyboard in Resources */,
				F27C11AA1E76B93000045431 /* Assets.xcassets in Resources */,
			);
			runOnlyForDeploymentPostprocessing = 0;
		};
/* End PBXResourcesBuildPhase section */

/* Begin PBXSourcesBuildPhase section */
		F27C119B1E76B93000045431 /* Sources */ = {
			isa = PBXSourcesBuildPhase;
			buildActionMask = 2147483647;
			files = (
				F2082F591E785BC100F7AA3F /* PokemonDetailRouter.swift in Sources */,
				F2082F571E785BA100F7AA3F /* PokemonDetailsContract.swift in Sources */,
				F27C120F1E77255400045431 /* PokemonsAPIService.swift in Sources */,
				F27C11E11E76E0BE00045431 /* UIImageView + Utils.swift in Sources */,
				F27C11A31E76B93000045431 /* AppDelegate.swift in Sources */,
				F27C120B1E7720D200045431 /* SortType.swift in Sources */,
				F27C11DC1E76D64600045431 /* Pokemon.swift in Sources */,
				F2082F4F1E784BEA00F7AA3F /* Pokemons.swift in Sources */,
				F27C12061E771BC500045431 /* PokemonListPresenter.swift in Sources */,
				F27C11C31E76BBDC00045431 /* ApplicationDependencies.swift in Sources */,
				F2082F4D1E78308000F7AA3F /* PokemonDetailsViewController.swift in Sources */,
				F27C120D1E7723FF00045431 /* PokemonsInteractor.swift in Sources */,
				F27C11DA1E76D5F100045431 /* PokemonsContract.swift in Sources */,
				F27C11CA1E76C17500045431 /* ListViewController.swift in Sources */,
				F27C11CC1E76C20E00045431 /* PokemonListRouter.swift in Sources */,
				F27C11D71E76CA9D00045431 /* Endpoint.swift in Sources */,
				FBAFB79B1E8C2AE000FCB0CA /* PokemonListRemoteDataManager.swift in Sources */,
				F27C11D41E76C9F000045431 /* API.swift in Sources */,
				F27C12081E771D4200045431 /* ViewProtocols.swift in Sources */,
				F27C11DF1E76DC7800045431 /* PokemonCell.swift in Sources */,
				F2082F511E7859DA00F7AA3F /* PokemonDetailsPresenter.swift in Sources */,
			);
			runOnlyForDeploymentPostprocessing = 0;
		};
/* End PBXSourcesBuildPhase section */

/* Begin PBXVariantGroup section */
		F27C11AB1E76B93000045431 /* LaunchScreen.storyboard */ = {
			isa = PBXVariantGroup;
			children = (
				F27C11AC1E76B93000045431 /* Base */,
			);
			name = LaunchScreen.storyboard;
			sourceTree = "<group>";
		};
/* End PBXVariantGroup section */

/* Begin XCBuildConfiguration section */
		F27C11AF1E76B93000045431 /* Debug */ = {
			isa = XCBuildConfiguration;
			buildSettings = {
				ALWAYS_SEARCH_USER_PATHS = NO;
				CLANG_ANALYZER_NONNULL = YES;
				CLANG_CXX_LANGUAGE_STANDARD = "gnu++0x";
				CLANG_CXX_LIBRARY = "libc++";
				CLANG_ENABLE_MODULES = YES;
				CLANG_ENABLE_OBJC_ARC = YES;
				CLANG_WARN_BOOL_CONVERSION = YES;
				CLANG_WARN_CONSTANT_CONVERSION = YES;
				CLANG_WARN_DIRECT_OBJC_ISA_USAGE = YES_ERROR;
				CLANG_WARN_DOCUMENTATION_COMMENTS = YES;
				CLANG_WARN_EMPTY_BODY = YES;
				CLANG_WARN_ENUM_CONVERSION = YES;
				CLANG_WARN_INFINITE_RECURSION = YES;
				CLANG_WARN_INT_CONVERSION = YES;
				CLANG_WARN_OBJC_ROOT_CLASS = YES_ERROR;
				CLANG_WARN_SUSPICIOUS_MOVE = YES;
				CLANG_WARN_UNREACHABLE_CODE = YES;
				CLANG_WARN__DUPLICATE_METHOD_MATCH = YES;
				"CODE_SIGN_IDENTITY[sdk=iphoneos*]" = "iPhone Developer";
				COPY_PHASE_STRIP = NO;
				DEBUG_INFORMATION_FORMAT = dwarf;
				ENABLE_STRICT_OBJC_MSGSEND = YES;
				ENABLE_TESTABILITY = YES;
				GCC_C_LANGUAGE_STANDARD = gnu99;
				GCC_DYNAMIC_NO_PIC = NO;
				GCC_NO_COMMON_BLOCKS = YES;
				GCC_OPTIMIZATION_LEVEL = 0;
				GCC_PREPROCESSOR_DEFINITIONS = (
					"DEBUG=1",
					"$(inherited)",
				);
				GCC_WARN_64_TO_32_BIT_CONVERSION = YES;
				GCC_WARN_ABOUT_RETURN_TYPE = YES_ERROR;
				GCC_WARN_UNDECLARED_SELECTOR = YES;
				GCC_WARN_UNINITIALIZED_AUTOS = YES_AGGRESSIVE;
				GCC_WARN_UNUSED_FUNCTION = YES;
				GCC_WARN_UNUSED_VARIABLE = YES;
				IPHONEOS_DEPLOYMENT_TARGET = 10.2;
				MTL_ENABLE_DEBUG_INFO = YES;
				ONLY_ACTIVE_ARCH = YES;
				SDKROOT = iphoneos;
				SWIFT_ACTIVE_COMPILATION_CONDITIONS = DEBUG;
				SWIFT_OPTIMIZATION_LEVEL = "-Onone";
			};
			name = Debug;
		};
		F27C11B01E76B93000045431 /* Release */ = {
			isa = XCBuildConfiguration;
			buildSettings = {
				ALWAYS_SEARCH_USER_PATHS = NO;
				CLANG_ANALYZER_NONNULL = YES;
				CLANG_CXX_LANGUAGE_STANDARD = "gnu++0x";
				CLANG_CXX_LIBRARY = "libc++";
				CLANG_ENABLE_MODULES = YES;
				CLANG_ENABLE_OBJC_ARC = YES;
				CLANG_WARN_BOOL_CONVERSION = YES;
				CLANG_WARN_CONSTANT_CONVERSION = YES;
				CLANG_WARN_DIRECT_OBJC_ISA_USAGE = YES_ERROR;
				CLANG_WARN_DOCUMENTATION_COMMENTS = YES;
				CLANG_WARN_EMPTY_BODY = YES;
				CLANG_WARN_ENUM_CONVERSION = YES;
				CLANG_WARN_INFINITE_RECURSION = YES;
				CLANG_WARN_INT_CONVERSION = YES;
				CLANG_WARN_OBJC_ROOT_CLASS = YES_ERROR;
				CLANG_WARN_SUSPICIOUS_MOVE = YES;
				CLANG_WARN_UNREACHABLE_CODE = YES;
				CLANG_WARN__DUPLICATE_METHOD_MATCH = YES;
				"CODE_SIGN_IDENTITY[sdk=iphoneos*]" = "iPhone Developer";
				COPY_PHASE_STRIP = NO;
				DEBUG_INFORMATION_FORMAT = "dwarf-with-dsym";
				ENABLE_NS_ASSERTIONS = NO;
				ENABLE_STRICT_OBJC_MSGSEND = YES;
				GCC_C_LANGUAGE_STANDARD = gnu99;
				GCC_NO_COMMON_BLOCKS = YES;
				GCC_WARN_64_TO_32_BIT_CONVERSION = YES;
				GCC_WARN_ABOUT_RETURN_TYPE = YES_ERROR;
				GCC_WARN_UNDECLARED_SELECTOR = YES;
				GCC_WARN_UNINITIALIZED_AUTOS = YES_AGGRESSIVE;
				GCC_WARN_UNUSED_FUNCTION = YES;
				GCC_WARN_UNUSED_VARIABLE = YES;
				IPHONEOS_DEPLOYMENT_TARGET = 10.2;
				MTL_ENABLE_DEBUG_INFO = NO;
				SDKROOT = iphoneos;
				SWIFT_OPTIMIZATION_LEVEL = "-Owholemodule";
				VALIDATE_PRODUCT = YES;
			};
			name = Release;
		};
		F27C11B21E76B93000045431 /* Debug */ = {
			isa = XCBuildConfiguration;
			buildSettings = {
				ASSETCATALOG_COMPILER_APPICON_NAME = AppIcon;
				FRAMEWORK_SEARCH_PATHS = (
					"$(inherited)",
					"$(PROJECT_DIR)/Carthage/Build/iOS",
				);
				INFOPLIST_FILE = Pokemons/Info.plist;
				LD_RUNPATH_SEARCH_PATHS = "$(inherited) @executable_path/Frameworks";
				PRODUCT_BUNDLE_IDENTIFIER = Ronaldoh1.Pokemons;
				PRODUCT_NAME = "$(TARGET_NAME)";
				SWIFT_VERSION = 3.0;
			};
			name = Debug;
		};
		F27C11B31E76B93000045431 /* Release */ = {
			isa = XCBuildConfiguration;
			buildSettings = {
				ASSETCATALOG_COMPILER_APPICON_NAME = AppIcon;
				FRAMEWORK_SEARCH_PATHS = (
					"$(inherited)",
					"$(PROJECT_DIR)/Carthage/Build/iOS",
				);
				INFOPLIST_FILE = Pokemons/Info.plist;
				LD_RUNPATH_SEARCH_PATHS = "$(inherited) @executable_path/Frameworks";
				PRODUCT_BUNDLE_IDENTIFIER = Ronaldoh1.Pokemons;
				PRODUCT_NAME = "$(TARGET_NAME)";
				SWIFT_VERSION = 3.0;
			};
			name = Release;
		};
/* End XCBuildConfiguration section */

/* Begin XCConfigurationList section */
		F27C119A1E76B93000045431 /* Build configuration list for PBXProject "Pokemons" */ = {
			isa = XCConfigurationList;
			buildConfigurations = (
				F27C11AF1E76B93000045431 /* Debug */,
				F27C11B01E76B93000045431 /* Release */,
			);
			defaultConfigurationIsVisible = 0;
			defaultConfigurationName = Release;
		};
		F27C11B11E76B93000045431 /* Build configuration list for PBXNativeTarget "Pokemons" */ = {
			isa = XCConfigurationList;
			buildConfigurations = (
				F27C11B21E76B93000045431 /* Debug */,
				F27C11B31E76B93000045431 /* Release */,
			);
			defaultConfigurationIsVisible = 0;
			defaultConfigurationName = Release;
		};
/* End XCConfigurationList section */
	};
	rootObject = F27C11971E76B93000045431 /* Project object */;
}
